
Microsoft Visual Studio Solution File, Format Version 12.00
# Visual Studio Version 17
VisualStudioVersion = 17.10.35122.118
MinimumVisualStudioVersion = 10.0.40219.1
Project("{8BC9CEB8-8B4A-11D0-8D11-00A0C91BC942}") = "consultorio", "consultorio.vcxproj", "{B3CD68A2-4BF4-49B2-9EA9-85DB25AB6180}"
EndProject
Project("{8BC9CEB8-8B4A-11D0-8D11-00A0C91BC942}") = "ClinicaLib", "..\ClinicaLib\ClinicaLib.vcxproj", "{A47214E1-F984-4C1D-AD3B-98BFF269D9EF}"
EndProject
Global
	GlobalSection(SolutionConfigurationPlatforms) = preSolution
		Debug|x64 = Debug|x64
		Debug|x86 = Debug|x86
		Release|x64 = Release|x64
		Release|x86 = Release|x86
	EndGlobalSection
	GlobalSection(ProjectConfigurationPlatforms) = postSolution
		{B3CD68A2-4BF4-49B2-9EA9-85DB25AB6180}.Debug|x64.ActiveCfg = Debug|x64
		{B3CD68A2-4BF4-49B2-9EA9-85DB25AB6180}.Debug|x64.Build.0 = Debug|x64
		{B3CD68A2-4BF4-49B2-9EA9-85DB25AB6180}.Debug|x86.ActiveCfg = Debug|Win32
		{B3CD68A2-4BF4-49B2-9EA9-85DB25AB6180}.Debug|x86.Build.0 = Debug|Win32
		{B3CD68A2-4BF4-49B2-9EA9-85DB25AB6180}.Release|x64.ActiveCfg = Release|x64
		{B3CD68A2-4BF4-49B2-9EA9-85DB25AB6180}.Release|x64.Build.0 = Release|x64
		{B3CD68A2-4BF4-49B2-9EA9-85DB25AB6180}.Release|x86.ActiveCfg = Release|Win32
		{B3CD68A2-4BF4-49B2-9EA9-85DB25AB6180}.Release|x86.Build.0 = Release|Win32
		{A47214E1-F984-4C1D-AD3B-98BFF269D9EF}.Debug|x64.ActiveCfg = Debug|x64
		{A47214E1-F984-4C1D-AD3B-98BFF269D9EF}.Debug|x64.Build.0 = Debug|x64
		{A47214E1-F984-4C1D-AD3B-98BFF269D9EF}.Debug|x86.ActiveCfg = Debug|Win32
		{A47214E1-F984-4C1D-AD3B-98BFF269D9EF}.Debug|x86.Build.0 = Debug|Win32
		{A47214E1-F984-4C1D-AD3B-98BFF269D9EF}.Release|x64.ActiveCfg = Release|x64
		{A47214E1-F984-4C1D-AD3B-98BFF269D9EF}.Release|x64.Build.0 = Release|x64
		{A47214E1-F984-4C1D-AD3B-98BFF269D9EF}.Release|x86.ActiveCfg = Release|Win32
		{A47214E1-F984-4C1D-AD3B-98BFF269D9EF}.Release|x86.Build.0 = Release|Win32
	EndGlobalSection
	GlobalSection(SolutionProperties) = preSolution
		HideSolutionNode = FALSE
	EndGlobalSection
	GlobalSection(ExtensibilityGlobals) = postSolution
		SolutionGuid = {828DB178-07E9-4163-BECE-63AA9289D96F}
	EndGlobalSection
EndGlobal
